// !$*UTF8*$!
{
	archiveVersion = 1;
	classes = {
	};
	objectVersion = 46;
	objects = {

/* Begin PBXBuildFile section */
		1B0CE2921428309600A3E909 /* InfoPlist.strings in Resources */ = {isa = PBXBuildFile; fileRef = 1B0CE26D1428309600A3E909 /* InfoPlist.strings */; };
		1B0CE2931428309600A3E909 /* MainWindow_iPad.xib in Resources */ = {isa = PBXBuildFile; fileRef = 1B0CE2701428309600A3E909 /* MainWindow_iPad.xib */; };
		1B0CE2941428309600A3E909 /* XBPageCurlAppDelegate_iPad.m in Sources */ = {isa = PBXBuildFile; fileRef = 1B0CE2731428309600A3E909 /* XBPageCurlAppDelegate_iPad.m */; };
		1B0CE2951428309600A3E909 /* MainWindow_iPhone.xib in Resources */ = {isa = PBXBuildFile; fileRef = 1B0CE2751428309600A3E909 /* MainWindow_iPhone.xib */; };
		1B0CE2961428309600A3E909 /* XBPageCurlAppDelegate_iPhone.m in Sources */ = {isa = PBXBuildFile; fileRef = 1B0CE2781428309600A3E909 /* XBPageCurlAppDelegate_iPhone.m */; };
		1B0CE2971428309600A3E909 /* main.m in Sources */ = {isa = PBXBuildFile; fileRef = 1B0CE2791428309600A3E909 /* main.m */; };
		1B0CE2981428309600A3E909 /* RootViewController.m in Sources */ = {isa = PBXBuildFile; fileRef = 1B0CE27B1428309600A3E909 /* RootViewController.m */; };
		1B0CE2991428309600A3E909 /* RootViewController_iPad.m in Sources */ = {isa = PBXBuildFile; fileRef = 1B0CE27D1428309600A3E909 /* RootViewController_iPad.m */; };
		1B0CE29A1428309600A3E909 /* RootViewController_iPad.xib in Resources */ = {isa = PBXBuildFile; fileRef = 1B0CE27E1428309600A3E909 /* RootViewController_iPad.xib */; };
		1B0CE29B1428309600A3E909 /* RootViewController_iPhone.xib in Resources */ = {isa = PBXBuildFile; fileRef = 1B0CE27F1428309600A3E909 /* RootViewController_iPhone.xib */; };
		1B0CE29C1428309600A3E909 /* XBPageCurl-Info.plist in Resources */ = {isa = PBXBuildFile; fileRef = 1B0CE2801428309600A3E909 /* XBPageCurl-Info.plist */; };
		1B0CE29D1428309600A3E909 /* XBPageCurlAppDelegate.m in Sources */ = {isa = PBXBuildFile; fileRef = 1B0CE2831428309600A3E909 /* XBPageCurlAppDelegate.m */; };
		1B0CE29E1428309600A3E909 /* FragmentShader.glsl in Resources */ = {isa = PBXBuildFile; fileRef = 1B0CE2861428309600A3E909 /* FragmentShader.glsl */; };
		1B0CE29F1428309600A3E909 /* NextPageFragmentShader.glsl in Resources */ = {isa = PBXBuildFile; fileRef = 1B0CE2871428309600A3E909 /* NextPageFragmentShader.glsl */; };
		1B0CE2A01428309600A3E909 /* NextPageVertexShader.glsl in Resources */ = {isa = PBXBuildFile; fileRef = 1B0CE2881428309600A3E909 /* NextPageVertexShader.glsl */; };
		1B0CE2A11428309600A3E909 /* VertexShader.glsl in Resources */ = {isa = PBXBuildFile; fileRef = 1B0CE2891428309600A3E909 /* VertexShader.glsl */; };
		1B0CE2A21428309600A3E909 /* XBAnimation.m in Sources */ = {isa = PBXBuildFile; fileRef = 1B0CE28B1428309600A3E909 /* XBAnimation.m */; };
		1B0CE2A31428309600A3E909 /* XBAnimationManager.m in Sources */ = {isa = PBXBuildFile; fileRef = 1B0CE28D1428309600A3E909 /* XBAnimationManager.m */; };
		1B0CE2A41428309600A3E909 /* XBCurlView.m in Sources */ = {isa = PBXBuildFile; fileRef = 1B0CE28F1428309600A3E909 /* XBCurlView.m */; };
		1B0CE2A51428309600A3E909 /* XBPageCurlView.m in Sources */ = {isa = PBXBuildFile; fileRef = 1B0CE2911428309600A3E909 /* XBPageCurlView.m */; };
		1B8816A61401E4F000D579EF /* UIKit.framework in Frameworks */ = {isa = PBXBuildFile; fileRef = 1B8816A51401E4F000D579EF /* UIKit.framework */; };
		1B8816A81401E4F000D579EF /* Foundation.framework in Frameworks */ = {isa = PBXBuildFile; fileRef = 1B8816A71401E4F000D579EF /* Foundation.framework */; };
		1B8816AA1401E4F000D579EF /* CoreGraphics.framework in Frameworks */ = {isa = PBXBuildFile; fileRef = 1B8816A91401E4F000D579EF /* CoreGraphics.framework */; };
		1B8816CE1401E55600D579EF /* OpenGLES.framework in Frameworks */ = {isa = PBXBuildFile; fileRef = 1B8816CD1401E55600D579EF /* OpenGLES.framework */; };
		1B8816D01401E5CF00D579EF /* QuartzCore.framework in Frameworks */ = {isa = PBXBuildFile; fileRef = 1B8816CF1401E5CF00D579EF /* QuartzCore.framework */; };
		1B88DC9E140937EC001E1417 /* appleStore.png in Resources */ = {isa = PBXBuildFile; fileRef = 1B88DC9C140937EC001E1417 /* appleStore.png */; };
		1B88DC9F140937EC001E1417 /* appleStore@2x.png in Resources */ = {isa = PBXBuildFile; fileRef = 1B88DC9D140937EC001E1417 /* appleStore@2x.png */; };
		1B8C271D1415C6510081F180 /* UIKit.framework in Frameworks */ = {isa = PBXBuildFile; fileRef = 1B8816A51401E4F000D579EF /* UIKit.framework */; };
		1B8C271E1415C6510081F180 /* Foundation.framework in Frameworks */ = {isa = PBXBuildFile; fileRef = 1B8816A71401E4F000D579EF /* Foundation.framework */; };
		1B8C271F1415C6510081F180 /* CoreGraphics.framework in Frameworks */ = {isa = PBXBuildFile; fileRef = 1B8816A91401E4F000D579EF /* CoreGraphics.framework */; };
		1B8C27251415C6510081F180 /* InfoPlist.strings in Resources */ = {isa = PBXBuildFile; fileRef = 1B8C27231415C6510081F180 /* InfoPlist.strings */; };
		1B8C27271415C6510081F180 /* main.m in Sources */ = {isa = PBXBuildFile; fileRef = 1B8C27261415C6510081F180 /* main.m */; };
		1B8C27431415C9660081F180 /* GHUnitIOS.framework in Frameworks */ = {isa = PBXBuildFile; fileRef = 1B8C27411415C8D60081F180 /* GHUnitIOS.framework */; };
		1B8C27471415CB170081F180 /* XBAnimationTest.m in Sources */ = {isa = PBXBuildFile; fileRef = 1B8C27451415CA510081F180 /* XBAnimationTest.m */; };
/* End PBXBuildFile section */

/* Begin PBXFileReference section */
		1B0CE26E1428309600A3E909 /* en */ = {isa = PBXFileReference; lastKnownFileType = text.plist.strings; name = en; path = en.lproj/InfoPlist.strings; sourceTree = "<group>"; };
		1B0CE2711428309600A3E909 /* en */ = {isa = PBXFileReference; lastKnownFileType = file.xib; name = en; path = en.lproj/MainWindow_iPad.xib; sourceTree = "<group>"; };
		1B0CE2721428309600A3E909 /* XBPageCurlAppDelegate_iPad.h */ = {isa = PBXFileReference; fileEncoding = 4; lastKnownFileType = sourcecode.c.h; path = XBPageCurlAppDelegate_iPad.h; sourceTree = "<group>"; };
		1B0CE2731428309600A3E909 /* XBPageCurlAppDelegate_iPad.m */ = {isa = PBXFileReference; fileEncoding = 4; lastKnownFileType = sourcecode.c.objc; path = XBPageCurlAppDelegate_iPad.m; sourceTree = "<group>"; };
		1B0CE2761428309600A3E909 /* en */ = {isa = PBXFileReference; lastKnownFileType = file.xib; name = en; path = en.lproj/MainWindow_iPhone.xib; sourceTree = "<group>"; };
		1B0CE2771428309600A3E909 /* XBPageCurlAppDelegate_iPhone.h */ = {isa = PBXFileReference; fileEncoding = 4; lastKnownFileType = sourcecode.c.h; path = XBPageCurlAppDelegate_iPhone.h; sourceTree = "<group>"; };
		1B0CE2781428309600A3E909 /* XBPageCurlAppDelegate_iPhone.m */ = {isa = PBXFileReference; fileEncoding = 4; lastKnownFileType = sourcecode.c.objc; path = XBPageCurlAppDelegate_iPhone.m; sourceTree = "<group>"; };
		1B0CE2791428309600A3E909 /* main.m */ = {isa = PBXFileReference; fileEncoding = 4; lastKnownFileType = sourcecode.c.objc; path = main.m; sourceTree = "<group>"; };
		1B0CE27A1428309600A3E909 /* RootViewController.h */ = {isa = PBXFileReference; fileEncoding = 4; lastKnownFileType = sourcecode.c.h; path = RootViewController.h; sourceTree = "<group>"; };
		1B0CE27B1428309600A3E909 /* RootViewController.m */ = {isa = PBXFileReference; fileEncoding = 4; lastKnownFileType = sourcecode.c.objc; path = RootViewController.m; sourceTree = "<group>"; };
		1B0CE27C1428309600A3E909 /* RootViewController_iPad.h */ = {isa = PBXFileReference; fileEncoding = 4; lastKnownFileType = sourcecode.c.h; name = RootViewController_iPad.h; path = ../RootViewController_iPad.h; sourceTree = "<group>"; };
		1B0CE27D1428309600A3E909 /* RootViewController_iPad.m */ = {isa = PBXFileReference; fileEncoding = 4; lastKnownFileType = sourcecode.c.objc; name = RootViewController_iPad.m; path = ../RootViewController_iPad.m; sourceTree = "<group>"; };
		1B0CE27E1428309600A3E909 /* RootViewController_iPad.xib */ = {isa = PBXFileReference; fileEncoding = 4; lastKnownFileType = file.xib; name = RootViewController_iPad.xib; path = ../RootViewController_iPad.xib; sourceTree = "<group>"; };
		1B0CE27F1428309600A3E909 /* RootViewController_iPhone.xib */ = {isa = PBXFileReference; fileEncoding = 4; lastKnownFileType = file.xib; name = RootViewController_iPhone.xib; path = ../RootViewController_iPhone.xib; sourceTree = "<group>"; };
		1B0CE2801428309600A3E909 /* XBPageCurl-Info.plist */ = {isa = PBXFileReference; fileEncoding = 4; lastKnownFileType = text.plist.xml; name = "XBPageCurl-Info.plist"; path = "Sample/XBPageCurl-Info.plist"; sourceTree = "<group>"; };
		1B0CE2811428309600A3E909 /* XBPageCurl-Prefix.pch */ = {isa = PBXFileReference; fileEncoding = 4; lastKnownFileType = sourcecode.c.h; path = "XBPageCurl-Prefix.pch"; sourceTree = "<group>"; };
		1B0CE2821428309600A3E909 /* XBPageCurlAppDelegate.h */ = {isa = PBXFileReference; fileEncoding = 4; lastKnownFileType = sourcecode.c.h; path = XBPageCurlAppDelegate.h; sourceTree = "<group>"; };
		1B0CE2831428309600A3E909 /* XBPageCurlAppDelegate.m */ = {isa = PBXFileReference; fileEncoding = 4; lastKnownFileType = sourcecode.c.objc; path = XBPageCurlAppDelegate.m; sourceTree = "<group>"; };
		1B0CE2861428309600A3E909 /* FragmentShader.glsl */ = {isa = PBXFileReference; fileEncoding = 4; lastKnownFileType = text; path = FragmentShader.glsl; sourceTree = "<group>"; };
		1B0CE2871428309600A3E909 /* NextPageFragmentShader.glsl */ = {isa = PBXFileReference; fileEncoding = 4; lastKnownFileType = text; path = NextPageFragmentShader.glsl; sourceTree = "<group>"; };
		1B0CE2881428309600A3E909 /* NextPageVertexShader.glsl */ = {isa = PBXFileReference; fileEncoding = 4; lastKnownFileType = text; path = NextPageVertexShader.glsl; sourceTree = "<group>"; };
		1B0CE2891428309600A3E909 /* VertexShader.glsl */ = {isa = PBXFileReference; fileEncoding = 4; lastKnownFileType = text; path = VertexShader.glsl; sourceTree = "<group>"; };
		1B0CE28A1428309600A3E909 /* XBAnimation.h */ = {isa = PBXFileReference; fileEncoding = 4; lastKnownFileType = sourcecode.c.h; path = XBAnimation.h; sourceTree = "<group>"; };
		1B0CE28B1428309600A3E909 /* XBAnimation.m */ = {isa = PBXFileReference; fileEncoding = 4; lastKnownFileType = sourcecode.c.objc; path = XBAnimation.m; sourceTree = "<group>"; };
		1B0CE28C1428309600A3E909 /* XBAnimationManager.h */ = {isa = PBXFileReference; fileEncoding = 4; lastKnownFileType = sourcecode.c.h; path = XBAnimationManager.h; sourceTree = "<group>"; };
		1B0CE28D1428309600A3E909 /* XBAnimationManager.m */ = {isa = PBXFileReference; fileEncoding = 4; lastKnownFileType = sourcecode.c.objc; path = XBAnimationManager.m; sourceTree = "<group>"; };
		1B0CE28E1428309600A3E909 /* XBCurlView.h */ = {isa = PBXFileReference; fileEncoding = 4; lastKnownFileType = sourcecode.c.h; path = XBCurlView.h; sourceTree = "<group>"; };
		1B0CE28F1428309600A3E909 /* XBCurlView.m */ = {isa = PBXFileReference; fileEncoding = 4; lastKnownFileType = sourcecode.c.objc; path = XBCurlView.m; sourceTree = "<group>"; };
		1B0CE2901428309600A3E909 /* XBPageCurlView.h */ = {isa = PBXFileReference; fileEncoding = 4; lastKnownFileType = sourcecode.c.h; path = XBPageCurlView.h; sourceTree = "<group>"; };
		1B0CE2911428309600A3E909 /* XBPageCurlView.m */ = {isa = PBXFileReference; fileEncoding = 4; lastKnownFileType = sourcecode.c.objc; path = XBPageCurlView.m; sourceTree = "<group>"; };
		1B8816A11401E4F000D579EF /* XBPageCurl.app */ = {isa = PBXFileReference; explicitFileType = wrapper.application; includeInIndex = 0; path = XBPageCurl.app; sourceTree = BUILT_PRODUCTS_DIR; };
		1B8816A51401E4F000D579EF /* UIKit.framework */ = {isa = PBXFileReference; lastKnownFileType = wrapper.framework; name = UIKit.framework; path = System/Library/Frameworks/UIKit.framework; sourceTree = SDKROOT; };
		1B8816A71401E4F000D579EF /* Foundation.framework */ = {isa = PBXFileReference; lastKnownFileType = wrapper.framework; name = Foundation.framework; path = System/Library/Frameworks/Foundation.framework; sourceTree = SDKROOT; };
		1B8816A91401E4F000D579EF /* CoreGraphics.framework */ = {isa = PBXFileReference; lastKnownFileType = wrapper.framework; name = CoreGraphics.framework; path = System/Library/Frameworks/CoreGraphics.framework; sourceTree = SDKROOT; };
		1B8816CD1401E55600D579EF /* OpenGLES.framework */ = {isa = PBXFileReference; lastKnownFileType = wrapper.framework; name = OpenGLES.framework; path = System/Library/Frameworks/OpenGLES.framework; sourceTree = SDKROOT; };
		1B8816CF1401E5CF00D579EF /* QuartzCore.framework */ = {isa = PBXFileReference; lastKnownFileType = wrapper.framework; name = QuartzCore.framework; path = System/Library/Frameworks/QuartzCore.framework; sourceTree = SDKROOT; };
		1B88DC9C140937EC001E1417 /* appleStore.png */ = {isa = PBXFileReference; lastKnownFileType = image.png; name = appleStore.png; path = Resources/appleStore.png; sourceTree = SOURCE_ROOT; };
		1B88DC9D140937EC001E1417 /* appleStore@2x.png */ = {isa = PBXFileReference; lastKnownFileType = image.png; name = "appleStore@2x.png"; path = "Resources/appleStore@2x.png"; sourceTree = SOURCE_ROOT; };
		1B8C271B1415C6510081F180 /* Tests.app */ = {isa = PBXFileReference; explicitFileType = wrapper.application; includeInIndex = 0; path = Tests.app; sourceTree = BUILT_PRODUCTS_DIR; };
		1B8C27221415C6510081F180 /* Tests-Info.plist */ = {isa = PBXFileReference; lastKnownFileType = text.plist.xml; path = "Tests-Info.plist"; sourceTree = "<group>"; };
		1B8C27241415C6510081F180 /* en */ = {isa = PBXFileReference; lastKnownFileType = text.plist.strings; name = en; path = en.lproj/InfoPlist.strings; sourceTree = "<group>"; };
		1B8C27261415C6510081F180 /* main.m */ = {isa = PBXFileReference; lastKnownFileType = sourcecode.c.objc; path = main.m; sourceTree = "<group>"; };
		1B8C27281415C6510081F180 /* Tests-Prefix.pch */ = {isa = PBXFileReference; lastKnownFileType = sourcecode.c.h; path = "Tests-Prefix.pch"; sourceTree = "<group>"; };
		1B8C27411415C8D60081F180 /* GHUnitIOS.framework */ = {isa = PBXFileReference; lastKnownFileType = wrapper.framework; name = GHUnitIOS.framework; path = "../gh-unit/Project-iOS/build/Framework/GHUnitIOS.framework"; sourceTree = "<group>"; };
		1B8C27451415CA510081F180 /* XBAnimationTest.m */ = {isa = PBXFileReference; fileEncoding = 4; lastKnownFileType = sourcecode.c.objc; path = XBAnimationTest.m; sourceTree = "<group>"; };
/* End PBXFileReference section */

/* Begin PBXFrameworksBuildPhase section */
		1B88169E1401E4F000D579EF /* Frameworks */ = {
			isa = PBXFrameworksBuildPhase;
			buildActionMask = 2147483647;
			files = (
				1B8816D01401E5CF00D579EF /* QuartzCore.framework in Frameworks */,
				1B8816CE1401E55600D579EF /* OpenGLES.framework in Frameworks */,
				1B8816A61401E4F000D579EF /* UIKit.framework in Frameworks */,
				1B8816A81401E4F000D579EF /* Foundation.framework in Frameworks */,
				1B8816AA1401E4F000D579EF /* CoreGraphics.framework in Frameworks */,
			);
			runOnlyForDeploymentPostprocessing = 0;
		};
		1B8C27181415C6510081F180 /* Frameworks */ = {
			isa = PBXFrameworksBuildPhase;
			buildActionMask = 2147483647;
			files = (
				1B8C271D1415C6510081F180 /* UIKit.framework in Frameworks */,
				1B8C271E1415C6510081F180 /* Foundation.framework in Frameworks */,
				1B8C271F1415C6510081F180 /* CoreGraphics.framework in Frameworks */,
				1B8C27431415C9660081F180 /* GHUnitIOS.framework in Frameworks */,
			);
			runOnlyForDeploymentPostprocessing = 0;
		};
/* End PBXFrameworksBuildPhase section */

/* Begin PBXGroup section */
		1B0CE26C1428309600A3E909 /* Sample */ = {
			isa = PBXGroup;
			children = (
				1B0CE26F1428309600A3E909 /* iPad */,
				1B0CE2741428309600A3E909 /* iPhone */,
				1B0CE2821428309600A3E909 /* XBPageCurlAppDelegate.h */,
				1B0CE2831428309600A3E909 /* XBPageCurlAppDelegate.m */,
				1B0CE27A1428309600A3E909 /* RootViewController.h */,
				1B0CE27B1428309600A3E909 /* RootViewController.m */,
				1B8816D91401FBA600D579EF /* Resources */,
				1B0CE2A6142830AF00A3E909 /* Other Sources */,
			);
			name = Sample;
			path = XBPageCurl/Sample;
			sourceTree = "<group>";
		};
		1B0CE26F1428309600A3E909 /* iPad */ = {
			isa = PBXGroup;
			children = (
				1B0CE2701428309600A3E909 /* MainWindow_iPad.xib */,
				1B0CE2721428309600A3E909 /* XBPageCurlAppDelegate_iPad.h */,
				1B0CE2731428309600A3E909 /* XBPageCurlAppDelegate_iPad.m */,
				1B0CE27C1428309600A3E909 /* RootViewController_iPad.h */,
				1B0CE27D1428309600A3E909 /* RootViewController_iPad.m */,
				1B0CE27E1428309600A3E909 /* RootViewController_iPad.xib */,
			);
			path = iPad;
			sourceTree = "<group>";
		};
		1B0CE2741428309600A3E909 /* iPhone */ = {
			isa = PBXGroup;
			children = (
				1B0CE2751428309600A3E909 /* MainWindow_iPhone.xib */,
				1B0CE2771428309600A3E909 /* XBPageCurlAppDelegate_iPhone.h */,
				1B0CE2781428309600A3E909 /* XBPageCurlAppDelegate_iPhone.m */,
				1B0CE27F1428309600A3E909 /* RootViewController_iPhone.xib */,
			);
			path = iPhone;
			sourceTree = "<group>";
		};
		1B0CE2841428309600A3E909 /* XBPageCurl */ = {
			isa = PBXGroup;
			children = (
				1B0CE2851428309600A3E909 /* Resources */,
				1B0CE28A1428309600A3E909 /* XBAnimation.h */,
				1B0CE28B1428309600A3E909 /* XBAnimation.m */,
				1B0CE28C1428309600A3E909 /* XBAnimationManager.h */,
				1B0CE28D1428309600A3E909 /* XBAnimationManager.m */,
				1B0CE28E1428309600A3E909 /* XBCurlView.h */,
				1B0CE28F1428309600A3E909 /* XBCurlView.m */,
				1B0CE2901428309600A3E909 /* XBPageCurlView.h */,
				1B0CE2911428309600A3E909 /* XBPageCurlView.m */,
			);
			name = XBPageCurl;
			path = XBPageCurl/XBPageCurl;
			sourceTree = "<group>";
		};
		1B0CE2851428309600A3E909 /* Resources */ = {
			isa = PBXGroup;
			children = (
				1B0CE2861428309600A3E909 /* FragmentShader.glsl */,
				1B0CE2871428309600A3E909 /* NextPageFragmentShader.glsl */,
				1B0CE2881428309600A3E909 /* NextPageVertexShader.glsl */,
				1B0CE2891428309600A3E909 /* VertexShader.glsl */,
			);
			path = Resources;
			sourceTree = "<group>";
		};
		1B0CE2A6142830AF00A3E909 /* Other Sources */ = {
			isa = PBXGroup;
			children = (
				1B0CE2791428309600A3E909 /* main.m */,
				1B0CE2811428309600A3E909 /* XBPageCurl-Prefix.pch */,
			);
			name = "Other Sources";
			sourceTree = "<group>";
		};
		1B8816961401E4F000D579EF = {
			isa = PBXGroup;
			children = (
				1B0CE26C1428309600A3E909 /* Sample */,
				1B0CE2841428309600A3E909 /* XBPageCurl */,
				1B8C27201415C6510081F180 /* Tests */,
				1B8816A41401E4F000D579EF /* Frameworks */,
				1B8816A21401E4F000D579EF /* Products */,
			);
			sourceTree = "<group>";
		};
		1B8816A21401E4F000D579EF /* Products */ = {
			isa = PBXGroup;
			children = (
				1B8816A11401E4F000D579EF /* XBPageCurl.app */,
				1B8C271B1415C6510081F180 /* Tests.app */,
			);
			name = Products;
			sourceTree = "<group>";
		};
		1B8816A41401E4F000D579EF /* Frameworks */ = {
			isa = PBXGroup;
			children = (
				1B8C27411415C8D60081F180 /* GHUnitIOS.framework */,
				1B8816CF1401E5CF00D579EF /* QuartzCore.framework */,
				1B8816CD1401E55600D579EF /* OpenGLES.framework */,
				1B8816A51401E4F000D579EF /* UIKit.framework */,
				1B8816A71401E4F000D579EF /* Foundation.framework */,
				1B8816A91401E4F000D579EF /* CoreGraphics.framework */,
			);
			name = Frameworks;
			sourceTree = "<group>";
		};
		1B8816D91401FBA600D579EF /* Resources */ = {
			isa = PBXGroup;
			children = (
				1B0CE26D1428309600A3E909 /* InfoPlist.strings */,
				1B0CE2801428309600A3E909 /* XBPageCurl-Info.plist */,
				1B88DC9C140937EC001E1417 /* appleStore.png */,
				1B88DC9D140937EC001E1417 /* appleStore@2x.png */,
			);
			name = Resources;
			path = ..;
			sourceTree = "<group>";
		};
		1B8C27201415C6510081F180 /* Tests */ = {
			isa = PBXGroup;
			children = (
				1B8C27211415C6510081F180 /* Supporting Files */,
				1B8C27451415CA510081F180 /* XBAnimationTest.m */,
			);
			path = Tests;
			sourceTree = "<group>";
		};
		1B8C27211415C6510081F180 /* Supporting Files */ = {
			isa = PBXGroup;
			children = (
				1B8C27221415C6510081F180 /* Tests-Info.plist */,
				1B8C27231415C6510081F180 /* InfoPlist.strings */,
				1B8C27261415C6510081F180 /* main.m */,
				1B8C27281415C6510081F180 /* Tests-Prefix.pch */,
			);
			name = "Supporting Files";
			sourceTree = "<group>";
		};
/* End PBXGroup section */

/* Begin PBXNativeTarget section */
		1B8816A01401E4F000D579EF /* XBPageCurl */ = {
			isa = PBXNativeTarget;
			buildConfigurationList = 1B8816C71401E4F000D579EF /* Build configuration list for PBXNativeTarget "XBPageCurl" */;
			buildPhases = (
				1B88169D1401E4F000D579EF /* Sources */,
				1B88169E1401E4F000D579EF /* Frameworks */,
				1B88169F1401E4F000D579EF /* Resources */,
			);
			buildRules = (
			);
			dependencies = (
			);
			name = XBPageCurl;
			productName = XBPageCurl;
			productReference = 1B8816A11401E4F000D579EF /* XBPageCurl.app */;
			productType = "com.apple.product-type.application";
		};
		1B8C271A1415C6510081F180 /* Tests */ = {
			isa = PBXNativeTarget;
			buildConfigurationList = 1B8C273A1415C6510081F180 /* Build configuration list for PBXNativeTarget "Tests" */;
			buildPhases = (
				1B8C27171415C6510081F180 /* Sources */,
				1B8C27181415C6510081F180 /* Frameworks */,
				1B8C27191415C6510081F180 /* Resources */,
			);
			buildRules = (
			);
			dependencies = (
			);
			name = Tests;
			productName = Tests;
			productReference = 1B8C271B1415C6510081F180 /* Tests.app */;
			productType = "com.apple.product-type.application";
		};
/* End PBXNativeTarget section */

/* Begin PBXProject section */
		1B8816981401E4F000D579EF /* Project object */ = {
			isa = PBXProject;
			buildConfigurationList = 1B88169B1401E4F000D579EF /* Build configuration list for PBXProject "XBPageCurl" */;
			compatibilityVersion = "Xcode 3.2";
			developmentRegion = English;
			hasScannedForEncodings = 0;
			knownRegions = (
				en,
			);
			mainGroup = 1B8816961401E4F000D579EF;
			productRefGroup = 1B8816A21401E4F000D579EF /* Products */;
			projectDirPath = "";
			projectRoot = "";
			targets = (
				1B8816A01401E4F000D579EF /* XBPageCurl */,
				1B8C271A1415C6510081F180 /* Tests */,
			);
		};
/* End PBXProject section */

/* Begin PBXResourcesBuildPhase section */
		1B88169F1401E4F000D579EF /* Resources */ = {
			isa = PBXResourcesBuildPhase;
			buildActionMask = 2147483647;
			files = (
				1B88DC9E140937EC001E1417 /* appleStore.png in Resources */,
				1B88DC9F140937EC001E1417 /* appleStore@2x.png in Resources */,
				1B0CE2921428309600A3E909 /* InfoPlist.strings in Resources */,
				1B0CE2931428309600A3E909 /* MainWindow_iPad.xib in Resources */,
				1B0CE2951428309600A3E909 /* MainWindow_iPhone.xib in Resources */,
				1B0CE29A1428309600A3E909 /* RootViewController_iPad.xib in Resources */,
				1B0CE29B1428309600A3E909 /* RootViewController_iPhone.xib in Resources */,
				1B0CE29C1428309600A3E909 /* XBPageCurl-Info.plist in Resources */,
				1B0CE29E1428309600A3E909 /* FragmentShader.glsl in Resources */,
				1B0CE29F1428309600A3E909 /* NextPageFragmentShader.glsl in Resources */,
				1B0CE2A01428309600A3E909 /* NextPageVertexShader.glsl in Resources */,
				1B0CE2A11428309600A3E909 /* VertexShader.glsl in Resources */,
			);
			runOnlyForDeploymentPostprocessing = 0;
		};
		1B8C27191415C6510081F180 /* Resources */ = {
			isa = PBXResourcesBuildPhase;
			buildActionMask = 2147483647;
			files = (
				1B8C27251415C6510081F180 /* InfoPlist.strings in Resources */,
			);
			runOnlyForDeploymentPostprocessing = 0;
		};
/* End PBXResourcesBuildPhase section */

/* Begin PBXSourcesBuildPhase section */
		1B88169D1401E4F000D579EF /* Sources */ = {
			isa = PBXSourcesBuildPhase;
			buildActionMask = 2147483647;
			files = (
				1B0CE2941428309600A3E909 /* XBPageCurlAppDelegate_iPad.m in Sources */,
				1B0CE2961428309600A3E909 /* XBPageCurlAppDelegate_iPhone.m in Sources */,
				1B0CE2971428309600A3E909 /* main.m in Sources */,
				1B0CE2981428309600A3E909 /* RootViewController.m in Sources */,
				1B0CE2991428309600A3E909 /* RootViewController_iPad.m in Sources */,
				1B0CE29D1428309600A3E909 /* XBPageCurlAppDelegate.m in Sources */,
				1B0CE2A21428309600A3E909 /* XBAnimation.m in Sources */,
				1B0CE2A31428309600A3E909 /* XBAnimationManager.m in Sources */,
				1B0CE2A41428309600A3E909 /* XBCurlView.m in Sources */,
				1B0CE2A51428309600A3E909 /* XBPageCurlView.m in Sources */,
			);
			runOnlyForDeploymentPostprocessing = 0;
		};
		1B8C27171415C6510081F180 /* Sources */ = {
			isa = PBXSourcesBuildPhase;
			buildActionMask = 2147483647;
			files = (
				1B8C27471415CB170081F180 /* XBAnimationTest.m in Sources */,
				1B8C27271415C6510081F180 /* main.m in Sources */,
			);
			runOnlyForDeploymentPostprocessing = 0;
		};
/* End PBXSourcesBuildPhase section */

/* Begin PBXVariantGroup section */
		1B0CE26D1428309600A3E909 /* InfoPlist.strings */ = {
			isa = PBXVariantGroup;
			children = (
				1B0CE26E1428309600A3E909 /* en */,
			);
			name = InfoPlist.strings;
			path = Sample;
			sourceTree = "<group>";
		};
		1B0CE2701428309600A3E909 /* MainWindow_iPad.xib */ = {
			isa = PBXVariantGroup;
			children = (
				1B0CE2711428309600A3E909 /* en */,
			);
			name = MainWindow_iPad.xib;
			sourceTree = "<group>";
		};
		1B0CE2751428309600A3E909 /* MainWindow_iPhone.xib */ = {
			isa = PBXVariantGroup;
			children = (
				1B0CE2761428309600A3E909 /* en */,
			);
			name = MainWindow_iPhone.xib;
			sourceTree = "<group>";
		};
		1B8C27231415C6510081F180 /* InfoPlist.strings */ = {
			isa = PBXVariantGroup;
			children = (
				1B8C27241415C6510081F180 /* en */,
			);
			name = InfoPlist.strings;
			sourceTree = "<group>";
		};
/* End PBXVariantGroup section */

/* Begin XCBuildConfiguration section */
		1B8816C51401E4F000D579EF /* Debug */ = {
			isa = XCBuildConfiguration;
			buildSettings = {
				ALWAYS_SEARCH_USER_PATHS = NO;
				ARCHS = "$(ARCHS_STANDARD_32_BIT)";
				"CODE_SIGN_IDENTITY[sdk=iphoneos*]" = "iPhone Developer";
				COPY_PHASE_STRIP = NO;
				GCC_C_LANGUAGE_STANDARD = gnu99;
				GCC_DYNAMIC_NO_PIC = NO;
				GCC_OPTIMIZATION_LEVEL = 0;
				GCC_PREPROCESSOR_DEFINITIONS = (
					"DEBUG=1",
					"$(inherited)",
				);
				GCC_SYMBOLS_PRIVATE_EXTERN = NO;
				GCC_VERSION = com.apple.compilers.llvmgcc42;
				GCC_WARN_ABOUT_MISSING_PROTOTYPES = YES;
				GCC_WARN_ABOUT_RETURN_TYPE = YES;
				GCC_WARN_UNUSED_VARIABLE = YES;
				IPHONEOS_DEPLOYMENT_TARGET = 4.3;
				SDKROOT = iphoneos;
				TARGETED_DEVICE_FAMILY = "1,2";
			};
			name = Debug;
		};
		1B8816C61401E4F000D579EF /* Release */ = {
			isa = XCBuildConfiguration;
			buildSettings = {
				ALWAYS_SEARCH_USER_PATHS = NO;
				ARCHS = "$(ARCHS_STANDARD_32_BIT)";
				"CODE_SIGN_IDENTITY[sdk=iphoneos*]" = "iPhone Developer";
				COPY_PHASE_STRIP = YES;
				GCC_C_LANGUAGE_STANDARD = gnu99;
				GCC_VERSION = com.apple.compilers.llvmgcc42;
				GCC_WARN_ABOUT_MISSING_PROTOTYPES = YES;
				GCC_WARN_ABOUT_RETURN_TYPE = YES;
				GCC_WARN_UNUSED_VARIABLE = YES;
				IPHONEOS_DEPLOYMENT_TARGET = 4.3;
				OTHER_CFLAGS = "-DNS_BLOCK_ASSERTIONS=1";
				SDKROOT = iphoneos;
				TARGETED_DEVICE_FAMILY = "1,2";
				VALIDATE_PRODUCT = YES;
			};
			name = Release;
		};
		1B8816C81401E4F000D579EF /* Debug */ = {
			isa = XCBuildConfiguration;
			buildSettings = {
				CODE_SIGN_IDENTITY = "iPhone Developer";
				FRAMEWORK_SEARCH_PATHS = (
					"$(inherited)",
					"\"$(SRCROOT)/../gh-unit/Project-iOS/build/Framework\"",
				);
				GCC_PRECOMPILE_PREFIX_HEADER = YES;
				GCC_PREFIX_HEADER = "XBPageCurl/Sample/XBPageCurl-Prefix.pch";
				INFOPLIST_FILE = "XBPageCurl/Sample/XBPageCurl-Info.plist";
				IPHONEOS_DEPLOYMENT_TARGET = 4.0;
				PRODUCT_NAME = "$(TARGET_NAME)";
				PROVISIONING_PROFILE = "";
				WRAPPER_EXTENSION = app;
			};
			name = Debug;
		};
		1B8816C91401E4F000D579EF /* Release */ = {
			isa = XCBuildConfiguration;
			buildSettings = {
				CODE_SIGN_IDENTITY = "iPhone Developer";
				FRAMEWORK_SEARCH_PATHS = (
					"$(inherited)",
					"\"$(SRCROOT)/../gh-unit/Project-iOS/build/Framework\"",
				);
				GCC_PRECOMPILE_PREFIX_HEADER = YES;
				GCC_PREFIX_HEADER = "XBPageCurl/Sample/XBPageCurl-Prefix.pch";
				INFOPLIST_FILE = "XBPageCurl/Sample/XBPageCurl-Info.plist";
				IPHONEOS_DEPLOYMENT_TARGET = 4.0;
				PRODUCT_NAME = "$(TARGET_NAME)";
				PROVISIONING_PROFILE = "";
				WRAPPER_EXTENSION = app;
			};
			name = Release;
		};
		1B8C273B1415C6510081F180 /* Debug */ = {
			isa = XCBuildConfiguration;
			buildSettings = {
				"CODE_SIGN_IDENTITY[sdk=iphoneos*]" = "iPhone Developer";
				FRAMEWORK_SEARCH_PATHS = (
					"$(inherited)",
					"\"$(SRCROOT)/../gh-unit/Project-iOS/build/Framework\"",
				);
				GCC_PRECOMPILE_PREFIX_HEADER = YES;
				GCC_PREFIX_HEADER = "Tests/Tests-Prefix.pch";
				GCC_PREPROCESSOR_DEFINITIONS = (
					DEBUG,
					"DEBUG=1",
					"$(inherited)",
				);
				INFOPLIST_FILE = "Tests/Tests-Info.plist";
				OTHER_LDFLAGS = (
					"-ObjC",
					"-all_load",
				);
				PRODUCT_NAME = "$(TARGET_NAME)";
				WRAPPER_EXTENSION = app;
			};
			name = Debug;
		};
		1B8C273C1415C6510081F180 /* Release */ = {
			isa = XCBuildConfiguration;
			buildSettings = {
				"CODE_SIGN_IDENTITY[sdk=iphoneos*]" = "iPhone Developer";
				FRAMEWORK_SEARCH_PATHS = (
					"$(inherited)",
					"\"$(SRCROOT)/../gh-unit/Project-iOS/build/Framework\"",
				);
				GCC_PRECOMPILE_PREFIX_HEADER = YES;
				GCC_PREFIX_HEADER = "Tests/Tests-Prefix.pch";
				INFOPLIST_FILE = "Tests/Tests-Info.plist";
				OTHER_LDFLAGS = (
					"-ObjC",
					"-all_load",
				);
				PRODUCT_NAME = "$(TARGET_NAME)";
				WRAPPER_EXTENSION = app;
			};
			name = Release;
		};
/* End XCBuildConfiguration section */

/* Begin XCConfigurationList section */
		1B88169B1401E4F000D579EF /* Build configuration list for PBXProject "XBPageCurl" */ = {
			isa = XCConfigurationList;
			buildConfigurations = (
				1B8816C51401E4F000D579EF /* Debug */,
				1B8816C61401E4F000D579EF /* Release */,
			);
			defaultConfigurationIsVisible = 0;
			defaultConfigurationName = Release;
		};
		1B8816C71401E4F000D579EF /* Build configuration list for PBXNativeTarget "XBPageCurl" */ = {
			isa = XCConfigurationList;
			buildConfigurations = (
				1B8816C81401E4F000D579EF /* Debug */,
				1B8816C91401E4F000D579EF /* Release */,
			);
			defaultConfigurationIsVisible = 0;
			defaultConfigurationName = Release;
		};
		1B8C273A1415C6510081F180 /* Build configuration list for PBXNativeTarget "Tests" */ = {
			isa = XCConfigurationList;
			buildConfigurations = (
				1B8C273B1415C6510081F180 /* Debug */,
				1B8C273C1415C6510081F180 /* Release */,
			);
			defaultConfigurationIsVisible = 0;
			defaultConfigurationName = Release;
		};
/* End XCConfigurationList section */
	};
	rootObject = 1B8816981401E4F000D579EF /* Project object */;
}
