// !$*UTF8*$!
{
	archiveVersion = 1;
	classes = {
	};
	objectVersion = 46;
	objects = {

/* Begin PBXBuildFile section */
		1B1E9EFB1596987B00B69139 /* FrontFragmentShader.glsl in Resources */ = {isa = PBXBuildFile; fileRef = 1B1E9EF91596987B00B69139 /* FrontFragmentShader.glsl */; };
		1B1E9EFC1596987B00B69139 /* FrontVertexShader.glsl in Resources */ = {isa = PBXBuildFile; fileRef = 1B1E9EFA1596987B00B69139 /* FrontVertexShader.glsl */; };
		1B3227AD179B8C45003B0732 /* MultipleViewController_iPad.xib in Resources */ = {isa = PBXBuildFile; fileRef = 1B3227AC179B8C45003B0732 /* MultipleViewController_iPad.xib */; };
		1B35689016E92D7C00A877E6 /* MultipleViewController.m in Sources */ = {isa = PBXBuildFile; fileRef = 1B35688F16E92D7C00A877E6 /* MultipleViewController.m */; };
		1B35689216E92DC100A877E6 /* MultipleViewController_iPhone.xib in Resources */ = {isa = PBXBuildFile; fileRef = 1B35689116E92DC100A877E6 /* MultipleViewController_iPhone.xib */; };
		1B50A0AF1D45777100E71774 /* LaunchScreen.storyboard in Resources */ = {isa = PBXBuildFile; fileRef = 1B50A0AE1D45777100E71774 /* LaunchScreen.storyboard */; };
		1B50A0B31D4577CF00E71774 /* Images.xcassets in Resources */ = {isa = PBXBuildFile; fileRef = 1B50A0B21D4577CF00E71774 /* Images.xcassets */; };
		1B81C2FD14A8B4D600353F62 /* XBSnappingPoint.m in Sources */ = {isa = PBXBuildFile; fileRef = 1B81C2FC14A8B4D600353F62 /* XBSnappingPoint.m */; };
		1B8742B814CD038D00BCADCF /* CGPointAdditions.c in Sources */ = {isa = PBXBuildFile; fileRef = 1B8742B714CD038D00BCADCF /* CGPointAdditions.c */; };
		1B8742C014CD07DA00BCADCF /* PageCurlViewController_iPhone.xib in Resources */ = {isa = PBXBuildFile; fileRef = 1B8742BE14CD07DA00BCADCF /* PageCurlViewController_iPhone.xib */; };
		1B8816A61401E4F000D579EF /* UIKit.framework in Frameworks */ = {isa = PBXBuildFile; fileRef = 1B8816A51401E4F000D579EF /* UIKit.framework */; };
		1B8816A81401E4F000D579EF /* Foundation.framework in Frameworks */ = {isa = PBXBuildFile; fileRef = 1B8816A71401E4F000D579EF /* Foundation.framework */; };
		1B8816AA1401E4F000D579EF /* CoreGraphics.framework in Frameworks */ = {isa = PBXBuildFile; fileRef = 1B8816A91401E4F000D579EF /* CoreGraphics.framework */; };
		1B8816CE1401E55600D579EF /* OpenGLES.framework in Frameworks */ = {isa = PBXBuildFile; fileRef = 1B8816CD1401E55600D579EF /* OpenGLES.framework */; };
		1B8816D01401E5CF00D579EF /* QuartzCore.framework in Frameworks */ = {isa = PBXBuildFile; fileRef = 1B8816CF1401E5CF00D579EF /* QuartzCore.framework */; };
		1B8BC41F1429866F0048682B /* InfoPlist.strings in Resources */ = {isa = PBXBuildFile; fileRef = 1B8BC3F71429866F0048682B /* InfoPlist.strings */; };
		1B8BC4201429866F0048682B /* MainWindow_iPad.xib in Resources */ = {isa = PBXBuildFile; fileRef = 1B8BC3FA1429866F0048682B /* MainWindow_iPad.xib */; };
		1B8BC4211429866F0048682B /* XBPageCurlAppDelegate_iPad.m in Sources */ = {isa = PBXBuildFile; fileRef = 1B8BC3FD1429866F0048682B /* XBPageCurlAppDelegate_iPad.m */; };
		1B8BC4221429866F0048682B /* MainWindow_iPhone.xib in Resources */ = {isa = PBXBuildFile; fileRef = 1B8BC3FF1429866F0048682B /* MainWindow_iPhone.xib */; };
		1B8BC4231429866F0048682B /* XBPageCurlAppDelegate_iPhone.m in Sources */ = {isa = PBXBuildFile; fileRef = 1B8BC4021429866F0048682B /* XBPageCurlAppDelegate_iPhone.m */; };
		1B8BC4241429866F0048682B /* main.m in Sources */ = {isa = PBXBuildFile; fileRef = 1B8BC4031429866F0048682B /* main.m */; };
		1B8BC4251429866F0048682B /* appleStore.png in Resources */ = {isa = PBXBuildFile; fileRef = 1B8BC4051429866F0048682B /* appleStore.png */; };
		1B8BC4261429866F0048682B /* appleStore@2x.png in Resources */ = {isa = PBXBuildFile; fileRef = 1B8BC4061429866F0048682B /* appleStore@2x.png */; };
		1B8BC4271429866F0048682B /* SimpleCurlViewController.m in Sources */ = {isa = PBXBuildFile; fileRef = 1B8BC4081429866F0048682B /* SimpleCurlViewController.m */; };
		1B8BC42C1429866F0048682B /* XBPageCurlAppDelegate.m in Sources */ = {isa = PBXBuildFile; fileRef = 1B8BC4101429866F0048682B /* XBPageCurlAppDelegate.m */; };
		1B8BC42D1429866F0048682B /* BackFragmentShader.glsl in Resources */ = {isa = PBXBuildFile; fileRef = 1B8BC4131429866F0048682B /* BackFragmentShader.glsl */; };
		1B8BC42E1429866F0048682B /* NextPageFragmentShader.glsl in Resources */ = {isa = PBXBuildFile; fileRef = 1B8BC4141429866F0048682B /* NextPageFragmentShader.glsl */; };
		1B8BC42F1429866F0048682B /* NextPageVertexShader.glsl in Resources */ = {isa = PBXBuildFile; fileRef = 1B8BC4151429866F0048682B /* NextPageVertexShader.glsl */; };
		1B8BC4301429866F0048682B /* BackVertexShader.glsl in Resources */ = {isa = PBXBuildFile; fileRef = 1B8BC4161429866F0048682B /* BackVertexShader.glsl */; };
		1B8BC4311429866F0048682B /* XBAnimation.m in Sources */ = {isa = PBXBuildFile; fileRef = 1B8BC4181429866F0048682B /* XBAnimation.m */; };
		1B8BC4321429866F0048682B /* XBAnimationManager.m in Sources */ = {isa = PBXBuildFile; fileRef = 1B8BC41A1429866F0048682B /* XBAnimationManager.m */; };
		1B8BC4331429866F0048682B /* XBCurlView.m in Sources */ = {isa = PBXBuildFile; fileRef = 1B8BC41C1429866F0048682B /* XBCurlView.m */; };
		1B8BC4341429866F0048682B /* XBPageCurlView.m in Sources */ = {isa = PBXBuildFile; fileRef = 1B8BC41E1429866F0048682B /* XBPageCurlView.m */; };
		1B8C271D1415C6510081F180 /* UIKit.framework in Frameworks */ = {isa = PBXBuildFile; fileRef = 1B8816A51401E4F000D579EF /* UIKit.framework */; };
		1B8C271E1415C6510081F180 /* Foundation.framework in Frameworks */ = {isa = PBXBuildFile; fileRef = 1B8816A71401E4F000D579EF /* Foundation.framework */; };
		1B8C271F1415C6510081F180 /* CoreGraphics.framework in Frameworks */ = {isa = PBXBuildFile; fileRef = 1B8816A91401E4F000D579EF /* CoreGraphics.framework */; };
		1B8C27251415C6510081F180 /* InfoPlist.strings in Resources */ = {isa = PBXBuildFile; fileRef = 1B8C27231415C6510081F180 /* InfoPlist.strings */; };
		1B8C27271415C6510081F180 /* main.m in Sources */ = {isa = PBXBuildFile; fileRef = 1B8C27261415C6510081F180 /* main.m */; };
		1B8C27431415C9660081F180 /* GHUnitIOS.framework in Frameworks */ = {isa = PBXBuildFile; fileRef = 1B8C27411415C8D60081F180 /* GHUnitIOS.framework */; };
		1B8C27471415CB170081F180 /* XBAnimationTest.m in Sources */ = {isa = PBXBuildFile; fileRef = 1B8C27451415CA510081F180 /* XBAnimationTest.m */; };
		1BD79F091580517A00B19785 /* XBPageDragView.m in Sources */ = {isa = PBXBuildFile; fileRef = 1BD79F081580517A00B19785 /* XBPageDragView.m */; };
		1BE340FA14D4896900261AF5 /* SimpleCurlViewController_iPad.m in Sources */ = {isa = PBXBuildFile; fileRef = 1BE340F814D4896900261AF5 /* SimpleCurlViewController_iPad.m */; };
		1BE340FB14D4896900261AF5 /* SimpleCurlViewController_iPad.xib in Resources */ = {isa = PBXBuildFile; fileRef = 1BE340F914D4896900261AF5 /* SimpleCurlViewController_iPad.xib */; };
		1BE340FE14D4897C00261AF5 /* RootViewController_iPhone.xib in Resources */ = {isa = PBXBuildFile; fileRef = 1BE340FC14D4897C00261AF5 /* RootViewController_iPhone.xib */; };
		1BE340FF14D4897C00261AF5 /* SimpleCurlViewController_iPhone.xib in Resources */ = {isa = PBXBuildFile; fileRef = 1BE340FD14D4897C00261AF5 /* SimpleCurlViewController_iPhone.xib */; };
		1BE3410114D489BB00261AF5 /* PageCurlViewController_iPad.xib in Resources */ = {isa = PBXBuildFile; fileRef = 1BE3410014D489BB00261AF5 /* PageCurlViewController_iPad.xib */; };
		1BE3410314D48E5900261AF5 /* MapKit.framework in Frameworks */ = {isa = PBXBuildFile; fileRef = 1BE3410214D48E5900261AF5 /* MapKit.framework */; };
		1BE3410614D4A9ED00261AF5 /* PageCurlViewController.m in Sources */ = {isa = PBXBuildFile; fileRef = 1BE3410514D4A9ED00261AF5 /* PageCurlViewController.m */; };
		1BE4585E1468D44B0064D4B3 /* RootViewController_iPad.xib in Resources */ = {isa = PBXBuildFile; fileRef = 1BE4585D1468D44B0064D4B3 /* RootViewController_iPad.xib */; };
		1BE4628614677E160013C1C6 /* RootViewController.m in Sources */ = {isa = PBXBuildFile; fileRef = 1BE4628414677E160013C1C6 /* RootViewController.m */; };
		1BE68CC01594B6D600DD54B5 /* BackPageGradient.png in Resources */ = {isa = PBXBuildFile; fileRef = 1BE68CBF1594B6D600DD54B5 /* BackPageGradient.png */; };
		1BEBF5251580E930004C34DD /* PageCurlViewController_iPad.m in Sources */ = {isa = PBXBuildFile; fileRef = 1BEBF5241580E930004C34DD /* PageCurlViewController_iPad.m */; };
		1BF8827B1445DBAA003F7920 /* NextPageNoTextureFragmentShader.glsl in Resources */ = {isa = PBXBuildFile; fileRef = 1BF882791445DBAA003F7920 /* NextPageNoTextureFragmentShader.glsl */; };
		1BF8827C1445DBAA003F7920 /* NextPageNoTextureVertexShader.glsl in Resources */ = {isa = PBXBuildFile; fileRef = 1BF8827A1445DBAA003F7920 /* NextPageNoTextureVertexShader.glsl */; };
		5D14E0181FFE9AD2007E01D3 /* BackFragmentShaderNoGradient.glsl in Resources */ = {isa = PBXBuildFile; fileRef = 5D14E0171FFE9AD1007E01D3 /* BackFragmentShaderNoGradient.glsl */; };
/* End PBXBuildFile section */

/* Begin PBXFileReference section */
		1B1E9EF91596987B00B69139 /* FrontFragmentShader.glsl */ = {isa = PBXFileReference; explicitFileType = sourcecode.glsl; fileEncoding = 4; path = FrontFragmentShader.glsl; sourceTree = "<group>"; };
		1B1E9EFA1596987B00B69139 /* FrontVertexShader.glsl */ = {isa = PBXFileReference; explicitFileType = sourcecode.glsl; fileEncoding = 4; path = FrontVertexShader.glsl; sourceTree = "<group>"; };
		1B3227AC179B8C45003B0732 /* MultipleViewController_iPad.xib */ = {isa = PBXFileReference; fileEncoding = 4; lastKnownFileType = file.xib; path = MultipleViewController_iPad.xib; sourceTree = "<group>"; };
		1B35688E16E92D7C00A877E6 /* MultipleViewController.h */ = {isa = PBXFileReference; fileEncoding = 4; lastKnownFileType = sourcecode.c.h; path = MultipleViewController.h; sourceTree = "<group>"; };
		1B35688F16E92D7C00A877E6 /* MultipleViewController.m */ = {isa = PBXFileReference; fileEncoding = 4; lastKnownFileType = sourcecode.c.objc; path = MultipleViewController.m; sourceTree = "<group>"; };
		1B35689116E92DC100A877E6 /* MultipleViewController_iPhone.xib */ = {isa = PBXFileReference; fileEncoding = 4; lastKnownFileType = file.xib; path = MultipleViewController_iPhone.xib; sourceTree = "<group>"; };
		1B50A0AE1D45777100E71774 /* LaunchScreen.storyboard */ = {isa = PBXFileReference; fileEncoding = 4; lastKnownFileType = file.storyboard; path = LaunchScreen.storyboard; sourceTree = "<group>"; };
		1B50A0B21D4577CF00E71774 /* Images.xcassets */ = {isa = PBXFileReference; lastKnownFileType = folder.assetcatalog; path = Images.xcassets; sourceTree = "<group>"; };
		1B81C2FB14A8B4D600353F62 /* XBSnappingPoint.h */ = {isa = PBXFileReference; fileEncoding = 4; lastKnownFileType = sourcecode.c.h; path = XBSnappingPoint.h; sourceTree = "<group>"; };
		1B81C2FC14A8B4D600353F62 /* XBSnappingPoint.m */ = {isa = PBXFileReference; fileEncoding = 4; lastKnownFileType = sourcecode.c.objc; path = XBSnappingPoint.m; sourceTree = "<group>"; };
		1B8742B714CD038D00BCADCF /* CGPointAdditions.c */ = {isa = PBXFileReference; fileEncoding = 4; lastKnownFileType = sourcecode.c.c; path = CGPointAdditions.c; sourceTree = "<group>"; };
		1B8742BB14CD04CC00BCADCF /* CGPointAdditions.h */ = {isa = PBXFileReference; fileEncoding = 4; lastKnownFileType = sourcecode.c.h; path = CGPointAdditions.h; sourceTree = "<group>"; };
		1B8742BE14CD07DA00BCADCF /* PageCurlViewController_iPhone.xib */ = {isa = PBXFileReference; fileEncoding = 4; lastKnownFileType = file.xib; path = PageCurlViewController_iPhone.xib; sourceTree = "<group>"; };
		1B8816A11401E4F000D579EF /* XBPageCurl.app */ = {isa = PBXFileReference; explicitFileType = wrapper.application; includeInIndex = 0; path = XBPageCurl.app; sourceTree = BUILT_PRODUCTS_DIR; };
		1B8816A51401E4F000D579EF /* UIKit.framework */ = {isa = PBXFileReference; lastKnownFileType = wrapper.framework; name = UIKit.framework; path = System/Library/Frameworks/UIKit.framework; sourceTree = SDKROOT; };
		1B8816A71401E4F000D579EF /* Foundation.framework */ = {isa = PBXFileReference; lastKnownFileType = wrapper.framework; name = Foundation.framework; path = System/Library/Frameworks/Foundation.framework; sourceTree = SDKROOT; };
		1B8816A91401E4F000D579EF /* CoreGraphics.framework */ = {isa = PBXFileReference; lastKnownFileType = wrapper.framework; name = CoreGraphics.framework; path = System/Library/Frameworks/CoreGraphics.framework; sourceTree = SDKROOT; };
		1B8816CD1401E55600D579EF /* OpenGLES.framework */ = {isa = PBXFileReference; lastKnownFileType = wrapper.framework; name = OpenGLES.framework; path = System/Library/Frameworks/OpenGLES.framework; sourceTree = SDKROOT; };
		1B8816CF1401E5CF00D579EF /* QuartzCore.framework */ = {isa = PBXFileReference; lastKnownFileType = wrapper.framework; name = QuartzCore.framework; path = System/Library/Frameworks/QuartzCore.framework; sourceTree = SDKROOT; };
		1B8BC3F81429866F0048682B /* en */ = {isa = PBXFileReference; lastKnownFileType = text.plist.strings; name = en; path = en.lproj/InfoPlist.strings; sourceTree = "<group>"; };
		1B8BC3FB1429866F0048682B /* en */ = {isa = PBXFileReference; lastKnownFileType = file.xib; name = en; path = en.lproj/MainWindow_iPad.xib; sourceTree = "<group>"; };
		1B8BC3FC1429866F0048682B /* XBPageCurlAppDelegate_iPad.h */ = {isa = PBXFileReference; fileEncoding = 4; lastKnownFileType = sourcecode.c.h; path = XBPageCurlAppDelegate_iPad.h; sourceTree = "<group>"; };
		1B8BC3FD1429866F0048682B /* XBPageCurlAppDelegate_iPad.m */ = {isa = PBXFileReference; fileEncoding = 4; lastKnownFileType = sourcecode.c.objc; path = XBPageCurlAppDelegate_iPad.m; sourceTree = "<group>"; };
		1B8BC4001429866F0048682B /* en */ = {isa = PBXFileReference; lastKnownFileType = file.xib; name = en; path = en.lproj/MainWindow_iPhone.xib; sourceTree = "<group>"; };
		1B8BC4011429866F0048682B /* XBPageCurlAppDelegate_iPhone.h */ = {isa = PBXFileReference; fileEncoding = 4; lastKnownFileType = sourcecode.c.h; path = XBPageCurlAppDelegate_iPhone.h; sourceTree = "<group>"; };
		1B8BC4021429866F0048682B /* XBPageCurlAppDelegate_iPhone.m */ = {isa = PBXFileReference; fileEncoding = 4; lastKnownFileType = sourcecode.c.objc; path = XBPageCurlAppDelegate_iPhone.m; sourceTree = "<group>"; };
		1B8BC4031429866F0048682B /* main.m */ = {isa = PBXFileReference; fileEncoding = 4; lastKnownFileType = sourcecode.c.objc; path = main.m; sourceTree = "<group>"; };
		1B8BC4051429866F0048682B /* appleStore.png */ = {isa = PBXFileReference; lastKnownFileType = image.png; path = appleStore.png; sourceTree = "<group>"; };
		1B8BC4061429866F0048682B /* appleStore@2x.png */ = {isa = PBXFileReference; lastKnownFileType = image.png; path = "appleStore@2x.png"; sourceTree = "<group>"; };
		1B8BC4071429866F0048682B /* SimpleCurlViewController.h */ = {isa = PBXFileReference; fileEncoding = 4; lastKnownFileType = sourcecode.c.h; path = SimpleCurlViewController.h; sourceTree = "<group>"; };
		1B8BC4081429866F0048682B /* SimpleCurlViewController.m */ = {isa = PBXFileReference; fileEncoding = 4; lastKnownFileType = sourcecode.c.objc; path = SimpleCurlViewController.m; sourceTree = "<group>"; };
		1B8BC40D1429866F0048682B /* XBPageCurl-Info.plist */ = {isa = PBXFileReference; fileEncoding = 4; lastKnownFileType = text.plist.xml; path = "XBPageCurl-Info.plist"; sourceTree = "<group>"; };
		1B8BC40E1429866F0048682B /* XBPageCurl-Prefix.pch */ = {isa = PBXFileReference; fileEncoding = 4; lastKnownFileType = sourcecode.c.h; path = "XBPageCurl-Prefix.pch"; sourceTree = "<group>"; };
		1B8BC40F1429866F0048682B /* XBPageCurlAppDelegate.h */ = {isa = PBXFileReference; fileEncoding = 4; lastKnownFileType = sourcecode.c.h; path = XBPageCurlAppDelegate.h; sourceTree = "<group>"; };
		1B8BC4101429866F0048682B /* XBPageCurlAppDelegate.m */ = {isa = PBXFileReference; fileEncoding = 4; lastKnownFileType = sourcecode.c.objc; path = XBPageCurlAppDelegate.m; sourceTree = "<group>"; };
		1B8BC4131429866F0048682B /* BackFragmentShader.glsl */ = {isa = PBXFileReference; explicitFileType = sourcecode.glsl; fileEncoding = 4; path = BackFragmentShader.glsl; sourceTree = "<group>"; };
		1B8BC4141429866F0048682B /* NextPageFragmentShader.glsl */ = {isa = PBXFileReference; explicitFileType = sourcecode.glsl; fileEncoding = 4; path = NextPageFragmentShader.glsl; sourceTree = "<group>"; };
		1B8BC4151429866F0048682B /* NextPageVertexShader.glsl */ = {isa = PBXFileReference; explicitFileType = sourcecode.glsl; fileEncoding = 4; path = NextPageVertexShader.glsl; sourceTree = "<group>"; };
		1B8BC4161429866F0048682B /* BackVertexShader.glsl */ = {isa = PBXFileReference; explicitFileType = sourcecode.glsl; fileEncoding = 4; path = BackVertexShader.glsl; sourceTree = "<group>"; };
		1B8BC4171429866F0048682B /* XBAnimation.h */ = {isa = PBXFileReference; fileEncoding = 4; lastKnownFileType = sourcecode.c.h; path = XBAnimation.h; sourceTree = "<group>"; };
		1B8BC4181429866F0048682B /* XBAnimation.m */ = {isa = PBXFileReference; fileEncoding = 4; lastKnownFileType = sourcecode.c.objc; path = XBAnimation.m; sourceTree = "<group>"; };
		1B8BC4191429866F0048682B /* XBAnimationManager.h */ = {isa = PBXFileReference; fileEncoding = 4; lastKnownFileType = sourcecode.c.h; path = XBAnimationManager.h; sourceTree = "<group>"; };
		1B8BC41A1429866F0048682B /* XBAnimationManager.m */ = {isa = PBXFileReference; fileEncoding = 4; lastKnownFileType = sourcecode.c.objc; path = XBAnimationManager.m; sourceTree = "<group>"; };
		1B8BC41B1429866F0048682B /* XBCurlView.h */ = {isa = PBXFileReference; fileEncoding = 4; lastKnownFileType = sourcecode.c.h; path = XBCurlView.h; sourceTree = "<group>"; };
		1B8BC41C1429866F0048682B /* XBCurlView.m */ = {isa = PBXFileReference; fileEncoding = 4; lastKnownFileType = sourcecode.c.objc; path = XBCurlView.m; sourceTree = "<group>"; };
		1B8BC41D1429866F0048682B /* XBPageCurlView.h */ = {isa = PBXFileReference; fileEncoding = 4; lastKnownFileType = sourcecode.c.h; path = XBPageCurlView.h; sourceTree = "<group>"; };
		1B8BC41E1429866F0048682B /* XBPageCurlView.m */ = {isa = PBXFileReference; fileEncoding = 4; lastKnownFileType = sourcecode.c.objc; path = XBPageCurlView.m; sourceTree = "<group>"; };
		1B8C271B1415C6510081F180 /* Tests.app */ = {isa = PBXFileReference; explicitFileType = wrapper.application; includeInIndex = 0; path = Tests.app; sourceTree = BUILT_PRODUCTS_DIR; };
		1B8C27221415C6510081F180 /* Tests-Info.plist */ = {isa = PBXFileReference; lastKnownFileType = text.plist.xml; path = "Tests-Info.plist"; sourceTree = "<group>"; };
		1B8C27241415C6510081F180 /* en */ = {isa = PBXFileReference; lastKnownFileType = text.plist.strings; name = en; path = en.lproj/InfoPlist.strings; sourceTree = "<group>"; };
		1B8C27261415C6510081F180 /* main.m */ = {isa = PBXFileReference; lastKnownFileType = sourcecode.c.objc; path = main.m; sourceTree = "<group>"; };
		1B8C27281415C6510081F180 /* Tests-Prefix.pch */ = {isa = PBXFileReference; lastKnownFileType = sourcecode.c.h; path = "Tests-Prefix.pch"; sourceTree = "<group>"; };
		1B8C27411415C8D60081F180 /* GHUnitIOS.framework */ = {isa = PBXFileReference; lastKnownFileType = wrapper.framework; name = GHUnitIOS.framework; path = "../gh-unit/Project-iOS/build/Framework/GHUnitIOS.framework"; sourceTree = "<group>"; };
		1B8C27451415CA510081F180 /* XBAnimationTest.m */ = {isa = PBXFileReference; fileEncoding = 4; lastKnownFileType = sourcecode.c.objc; path = XBAnimationTest.m; sourceTree = "<group>"; };
		1BD79F071580517A00B19785 /* XBPageDragView.h */ = {isa = PBXFileReference; fileEncoding = 4; lastKnownFileType = sourcecode.c.h; path = XBPageDragView.h; sourceTree = "<group>"; };
		1BD79F081580517A00B19785 /* XBPageDragView.m */ = {isa = PBXFileReference; fileEncoding = 4; lastKnownFileType = sourcecode.c.objc; path = XBPageDragView.m; sourceTree = "<group>"; };
		1BE340F714D4896900261AF5 /* SimpleCurlViewController_iPad.h */ = {isa = PBXFileReference; fileEncoding = 4; lastKnownFileType = sourcecode.c.h; path = SimpleCurlViewController_iPad.h; sourceTree = "<group>"; };
		1BE340F814D4896900261AF5 /* SimpleCurlViewController_iPad.m */ = {isa = PBXFileReference; fileEncoding = 4; lastKnownFileType = sourcecode.c.objc; path = SimpleCurlViewController_iPad.m; sourceTree = "<group>"; };
		1BE340F914D4896900261AF5 /* SimpleCurlViewController_iPad.xib */ = {isa = PBXFileReference; fileEncoding = 4; lastKnownFileType = file.xib; path = SimpleCurlViewController_iPad.xib; sourceTree = "<group>"; };
		1BE340FC14D4897C00261AF5 /* RootViewController_iPhone.xib */ = {isa = PBXFileReference; fileEncoding = 4; lastKnownFileType = file.xib; path = RootViewController_iPhone.xib; sourceTree = "<group>"; };
		1BE340FD14D4897C00261AF5 /* SimpleCurlViewController_iPhone.xib */ = {isa = PBXFileReference; fileEncoding = 4; lastKnownFileType = file.xib; path = SimpleCurlViewController_iPhone.xib; sourceTree = "<group>"; };
		1BE3410014D489BB00261AF5 /* PageCurlViewController_iPad.xib */ = {isa = PBXFileReference; fileEncoding = 4; lastKnownFileType = file.xib; path = PageCurlViewController_iPad.xib; sourceTree = "<group>"; };
		1BE3410214D48E5900261AF5 /* MapKit.framework */ = {isa = PBXFileReference; lastKnownFileType = wrapper.framework; name = MapKit.framework; path = System/Library/Frameworks/MapKit.framework; sourceTree = SDKROOT; };
		1BE3410414D4A9ED00261AF5 /* PageCurlViewController.h */ = {isa = PBXFileReference; fileEncoding = 4; lastKnownFileType = sourcecode.c.h; path = PageCurlViewController.h; sourceTree = "<group>"; };
		1BE3410514D4A9ED00261AF5 /* PageCurlViewController.m */ = {isa = PBXFileReference; fileEncoding = 4; lastKnownFileType = sourcecode.c.objc; path = PageCurlViewController.m; sourceTree = "<group>"; };
		1BE4585D1468D44B0064D4B3 /* RootViewController_iPad.xib */ = {isa = PBXFileReference; fileEncoding = 4; lastKnownFileType = file.xib; path = RootViewController_iPad.xib; sourceTree = "<group>"; };
		1BE4628314677E160013C1C6 /* RootViewController.h */ = {isa = PBXFileReference; fileEncoding = 4; lastKnownFileType = sourcecode.c.h; path = RootViewController.h; sourceTree = "<group>"; };
		1BE4628414677E160013C1C6 /* RootViewController.m */ = {isa = PBXFileReference; fileEncoding = 4; lastKnownFileType = sourcecode.c.objc; path = RootViewController.m; sourceTree = "<group>"; };
		1BE68CBF1594B6D600DD54B5 /* BackPageGradient.png */ = {isa = PBXFileReference; lastKnownFileType = image.png; path = BackPageGradient.png; sourceTree = "<group>"; };
		1BEBF5231580E930004C34DD /* PageCurlViewController_iPad.h */ = {isa = PBXFileReference; fileEncoding = 4; lastKnownFileType = sourcecode.c.h; path = PageCurlViewController_iPad.h; sourceTree = "<group>"; };
		1BEBF5241580E930004C34DD /* PageCurlViewController_iPad.m */ = {isa = PBXFileReference; fileEncoding = 4; lastKnownFileType = sourcecode.c.objc; path = PageCurlViewController_iPad.m; sourceTree = "<group>"; };
		1BF882791445DBAA003F7920 /* NextPageNoTextureFragmentShader.glsl */ = {isa = PBXFileReference; explicitFileType = sourcecode.glsl; fileEncoding = 4; path = NextPageNoTextureFragmentShader.glsl; sourceTree = "<group>"; };
		1BF8827A1445DBAA003F7920 /* NextPageNoTextureVertexShader.glsl */ = {isa = PBXFileReference; explicitFileType = sourcecode.glsl; fileEncoding = 4; path = NextPageNoTextureVertexShader.glsl; sourceTree = "<group>"; };
		5D14E0171FFE9AD1007E01D3 /* BackFragmentShaderNoGradient.glsl */ = {isa = PBXFileReference; fileEncoding = 4; lastKnownFileType = text; path = BackFragmentShaderNoGradient.glsl; sourceTree = "<group>"; };
/* End PBXFileReference section */

/* Begin PBXFrameworksBuildPhase section */
		1B88169E1401E4F000D579EF /* Frameworks */ = {
			isa = PBXFrameworksBuildPhase;
			buildActionMask = 2147483647;
			files = (
				1BE3410314D48E5900261AF5 /* MapKit.framework in Frameworks */,
				1B8816D01401E5CF00D579EF /* QuartzCore.framework in Frameworks */,
				1B8816CE1401E55600D579EF /* OpenGLES.framework in Frameworks */,
				1B8816A61401E4F000D579EF /* UIKit.framework in Frameworks */,
				1B8816A81401E4F000D579EF /* Foundation.framework in Frameworks */,
				1B8816AA1401E4F000D579EF /* CoreGraphics.framework in Frameworks */,
			);
			runOnlyForDeploymentPostprocessing = 0;
		};
		1B8C27181415C6510081F180 /* Frameworks */ = {
			isa = PBXFrameworksBuildPhase;
			buildActionMask = 2147483647;
			files = (
				1B8C271D1415C6510081F180 /* UIKit.framework in Frameworks */,
				1B8C271E1415C6510081F180 /* Foundation.framework in Frameworks */,
				1B8C271F1415C6510081F180 /* CoreGraphics.framework in Frameworks */,
				1B8C27431415C9660081F180 /* GHUnitIOS.framework in Frameworks */,
			);
			runOnlyForDeploymentPostprocessing = 0;
		};
/* End PBXFrameworksBuildPhase section */

/* Begin PBXGroup section */
		1B8816961401E4F000D579EF = {
			isa = PBXGroup;
			children = (
				1B8BC3F61429866F0048682B /* Sample */,
				1B8BC4111429866F0048682B /* XBPageCurl */,
				1B8C27201415C6510081F180 /* Tests */,
				1B8816A41401E4F000D579EF /* Frameworks */,
				1B8816A21401E4F000D579EF /* Products */,
			);
			sourceTree = "<group>";
		};
		1B8816A21401E4F000D579EF /* Products */ = {
			isa = PBXGroup;
			children = (
				1B8816A11401E4F000D579EF /* XBPageCurl.app */,
				1B8C271B1415C6510081F180 /* Tests.app */,
			);
			name = Products;
			sourceTree = "<group>";
		};
		1B8816A41401E4F000D579EF /* Frameworks */ = {
			isa = PBXGroup;
			children = (
				1BE3410214D48E5900261AF5 /* MapKit.framework */,
				1B8C27411415C8D60081F180 /* GHUnitIOS.framework */,
				1B8816CF1401E5CF00D579EF /* QuartzCore.framework */,
				1B8816CD1401E55600D579EF /* OpenGLES.framework */,
				1B8816A51401E4F000D579EF /* UIKit.framework */,
				1B8816A71401E4F000D579EF /* Foundation.framework */,
				1B8816A91401E4F000D579EF /* CoreGraphics.framework */,
			);
			name = Frameworks;
			sourceTree = "<group>";
		};
		1B8BC3F61429866F0048682B /* Sample */ = {
			isa = PBXGroup;
			children = (
				1B8BC40F1429866F0048682B /* XBPageCurlAppDelegate.h */,
				1B8BC4101429866F0048682B /* XBPageCurlAppDelegate.m */,
				1BE4628314677E160013C1C6 /* RootViewController.h */,
				1BE4628414677E160013C1C6 /* RootViewController.m */,
				1B8BC4071429866F0048682B /* SimpleCurlViewController.h */,
				1B8BC4081429866F0048682B /* SimpleCurlViewController.m */,
				1BE3410414D4A9ED00261AF5 /* PageCurlViewController.h */,
				1BE3410514D4A9ED00261AF5 /* PageCurlViewController.m */,
				1B35688E16E92D7C00A877E6 /* MultipleViewController.h */,
				1B35688F16E92D7C00A877E6 /* MultipleViewController.m */,
				1B8BC3F91429866F0048682B /* iPad */,
				1B8BC3FE1429866F0048682B /* iPhone */,
				1B8BC4351429875B0048682B /* Supporting Files */,
				1B8BC4041429866F0048682B /* Resources */,
			);
			path = Sample;
			sourceTree = "<group>";
		};
		1B8BC3F91429866F0048682B /* iPad */ = {
			isa = PBXGroup;
			children = (
				1B8BC3FC1429866F0048682B /* XBPageCurlAppDelegate_iPad.h */,
				1B8BC3FD1429866F0048682B /* XBPageCurlAppDelegate_iPad.m */,
				1B8BC3FA1429866F0048682B /* MainWindow_iPad.xib */,
				1BE4585D1468D44B0064D4B3 /* RootViewController_iPad.xib */,
				1BE340F714D4896900261AF5 /* SimpleCurlViewController_iPad.h */,
				1BE340F814D4896900261AF5 /* SimpleCurlViewController_iPad.m */,
				1BE340F914D4896900261AF5 /* SimpleCurlViewController_iPad.xib */,
				1BEBF5231580E930004C34DD /* PageCurlViewController_iPad.h */,
				1BEBF5241580E930004C34DD /* PageCurlViewController_iPad.m */,
				1BE3410014D489BB00261AF5 /* PageCurlViewController_iPad.xib */,
				1B3227AC179B8C45003B0732 /* MultipleViewController_iPad.xib */,
			);
			path = iPad;
			sourceTree = "<group>";
		};
		1B8BC3FE1429866F0048682B /* iPhone */ = {
			isa = PBXGroup;
			children = (
				1B8BC4011429866F0048682B /* XBPageCurlAppDelegate_iPhone.h */,
				1B8BC4021429866F0048682B /* XBPageCurlAppDelegate_iPhone.m */,
				1B8BC3FF1429866F0048682B /* MainWindow_iPhone.xib */,
				1BE340FC14D4897C00261AF5 /* RootViewController_iPhone.xib */,
				1BE340FD14D4897C00261AF5 /* SimpleCurlViewController_iPhone.xib */,
				1B8742BE14CD07DA00BCADCF /* PageCurlViewController_iPhone.xib */,
				1B35689116E92DC100A877E6 /* MultipleViewController_iPhone.xib */,
			);
			path = iPhone;
			sourceTree = "<group>";
		};
		1B8BC4041429866F0048682B /* Resources */ = {
			isa = PBXGroup;
			children = (
				1B8BC4051429866F0048682B /* appleStore.png */,
				1B8BC4061429866F0048682B /* appleStore@2x.png */,
				1B50A0AE1D45777100E71774 /* LaunchScreen.storyboard */,
				1B50A0B21D4577CF00E71774 /* Images.xcassets */,
			);
			path = Resources;
			sourceTree = "<group>";
		};
		1B8BC4111429866F0048682B /* XBPageCurl */ = {
			isa = PBXGroup;
			children = (
				1B8BC4121429866F0048682B /* Resources */,
				1B8BC4171429866F0048682B /* XBAnimation.h */,
				1B8BC4181429866F0048682B /* XBAnimation.m */,
				1B8BC4191429866F0048682B /* XBAnimationManager.h */,
				1B8BC41A1429866F0048682B /* XBAnimationManager.m */,
				1B8BC41B1429866F0048682B /* XBCurlView.h */,
				1B8BC41C1429866F0048682B /* XBCurlView.m */,
				1B8BC41D1429866F0048682B /* XBPageCurlView.h */,
				1B8BC41E1429866F0048682B /* XBPageCurlView.m */,
				1BD79F071580517A00B19785 /* XBPageDragView.h */,
				1BD79F081580517A00B19785 /* XBPageDragView.m */,
				1B81C2FB14A8B4D600353F62 /* XBSnappingPoint.h */,
				1B81C2FC14A8B4D600353F62 /* XBSnappingPoint.m */,
				1B8742BB14CD04CC00BCADCF /* CGPointAdditions.h */,
				1B8742B714CD038D00BCADCF /* CGPointAdditions.c */,
			);
			path = XBPageCurl;
			sourceTree = "<group>";
		};
		1B8BC4121429866F0048682B /* Resources */ = {
			isa = PBXGroup;
			children = (
				1BE68CBF1594B6D600DD54B5 /* BackPageGradient.png */,
				1BF882791445DBAA003F7920 /* NextPageNoTextureFragmentShader.glsl */,
				1BF8827A1445DBAA003F7920 /* NextPageNoTextureVertexShader.glsl */,
				1B8BC4141429866F0048682B /* NextPageFragmentShader.glsl */,
				1B8BC4151429866F0048682B /* NextPageVertexShader.glsl */,
				1B8BC4131429866F0048682B /* BackFragmentShader.glsl */,
				5D14E0171FFE9AD1007E01D3 /* BackFragmentShaderNoGradient.glsl */,
				1B8BC4161429866F0048682B /* BackVertexShader.glsl */,
				1B1E9EF91596987B00B69139 /* FrontFragmentShader.glsl */,
				1B1E9EFA1596987B00B69139 /* FrontVertexShader.glsl */,
			);
			path = Resources;
			sourceTree = "<group>";
		};
		1B8BC4351429875B0048682B /* Supporting Files */ = {
			isa = PBXGroup;
			children = (
				1B8BC4031429866F0048682B /* main.m */,
				1B8BC40E1429866F0048682B /* XBPageCurl-Prefix.pch */,
				1B8BC40D1429866F0048682B /* XBPageCurl-Info.plist */,
				1B8BC3F71429866F0048682B /* InfoPlist.strings */,
			);
			name = "Supporting Files";
			sourceTree = "<group>";
		};
		1B8C27201415C6510081F180 /* Tests */ = {
			isa = PBXGroup;
			children = (
				1B8C27211415C6510081F180 /* Supporting Files */,
				1B8C27451415CA510081F180 /* XBAnimationTest.m */,
			);
			path = Tests;
			sourceTree = "<group>";
		};
		1B8C27211415C6510081F180 /* Supporting Files */ = {
			isa = PBXGroup;
			children = (
				1B8C27221415C6510081F180 /* Tests-Info.plist */,
				1B8C27231415C6510081F180 /* InfoPlist.strings */,
				1B8C27261415C6510081F180 /* main.m */,
				1B8C27281415C6510081F180 /* Tests-Prefix.pch */,
			);
			name = "Supporting Files";
			sourceTree = "<group>";
		};
/* End PBXGroup section */

/* Begin PBXNativeTarget section */
		1B8816A01401E4F000D579EF /* XBPageCurl */ = {
			isa = PBXNativeTarget;
			buildConfigurationList = 1B8816C71401E4F000D579EF /* Build configuration list for PBXNativeTarget "XBPageCurl" */;
			buildPhases = (
				1B88169D1401E4F000D579EF /* Sources */,
				1B88169E1401E4F000D579EF /* Frameworks */,
				1B88169F1401E4F000D579EF /* Resources */,
			);
			buildRules = (
			);
			dependencies = (
			);
			name = XBPageCurl;
			productName = XBPageCurl;
			productReference = 1B8816A11401E4F000D579EF /* XBPageCurl.app */;
			productType = "com.apple.product-type.application";
		};
		1B8C271A1415C6510081F180 /* Tests */ = {
			isa = PBXNativeTarget;
			buildConfigurationList = 1B8C273A1415C6510081F180 /* Build configuration list for PBXNativeTarget "Tests" */;
			buildPhases = (
				1B8C27171415C6510081F180 /* Sources */,
				1B8C27181415C6510081F180 /* Frameworks */,
				1B8C27191415C6510081F180 /* Resources */,
			);
			buildRules = (
			);
			dependencies = (
			);
			name = Tests;
			productName = Tests;
			productReference = 1B8C271B1415C6510081F180 /* Tests.app */;
			productType = "com.apple.product-type.application";
		};
/* End PBXNativeTarget section */

/* Begin PBXProject section */
		1B8816981401E4F000D579EF /* Project object */ = {
			isa = PBXProject;
			attributes = {
				LastUpgradeCheck = 0730;
			};
			buildConfigurationList = 1B88169B1401E4F000D579EF /* Build configuration list for PBXProject "XBPageCurl" */;
			compatibilityVersion = "Xcode 3.2";
			developmentRegion = English;
			hasScannedForEncodings = 0;
			knownRegions = (
				en,
			);
			mainGroup = 1B8816961401E4F000D579EF;
			productRefGroup = 1B8816A21401E4F000D579EF /* Products */;
			projectDirPath = "";
			projectRoot = "";
			targets = (
				1B8816A01401E4F000D579EF /* XBPageCurl */,
				1B8C271A1415C6510081F180 /* Tests */,
			);
		};
/* End PBXProject section */

/* Begin PBXResourcesBuildPhase section */
		1B88169F1401E4F000D579EF /* Resources */ = {
			isa = PBXResourcesBuildPhase;
			buildActionMask = 2147483647;
			files = (
				1B8BC41F1429866F0048682B /* InfoPlist.strings in Resources */,
				1B50A0B31D4577CF00E71774 /* Images.xcassets in Resources */,
				1B8BC4201429866F0048682B /* MainWindow_iPad.xib in Resources */,
				1B8BC4221429866F0048682B /* MainWindow_iPhone.xib in Resources */,
				1B8BC4251429866F0048682B /* appleStore.png in Resources */,
				1B8BC4261429866F0048682B /* appleStore@2x.png in Resources */,
				1B8BC42D1429866F0048682B /* BackFragmentShader.glsl in Resources */,
				1B8BC42E1429866F0048682B /* NextPageFragmentShader.glsl in Resources */,
				1B8BC42F1429866F0048682B /* NextPageVertexShader.glsl in Resources */,
				5D14E0181FFE9AD2007E01D3 /* BackFragmentShaderNoGradient.glsl in Resources */,
				1B8BC4301429866F0048682B /* BackVertexShader.glsl in Resources */,
				1B50A0AF1D45777100E71774 /* LaunchScreen.storyboard in Resources */,
				1BF8827B1445DBAA003F7920 /* NextPageNoTextureFragmentShader.glsl in Resources */,
				1BF8827C1445DBAA003F7920 /* NextPageNoTextureVertexShader.glsl in Resources */,
				1BE4585E1468D44B0064D4B3 /* RootViewController_iPad.xib in Resources */,
				1B8742C014CD07DA00BCADCF /* PageCurlViewController_iPhone.xib in Resources */,
				1BE340FB14D4896900261AF5 /* SimpleCurlViewController_iPad.xib in Resources */,
				1BE340FE14D4897C00261AF5 /* RootViewController_iPhone.xib in Resources */,
				1BE340FF14D4897C00261AF5 /* SimpleCurlViewController_iPhone.xib in Resources */,
				1BE3410114D489BB00261AF5 /* PageCurlViewController_iPad.xib in Resources */,
				1BE68CC01594B6D600DD54B5 /* BackPageGradient.png in Resources */,
				1B1E9EFB1596987B00B69139 /* FrontFragmentShader.glsl in Resources */,
				1B1E9EFC1596987B00B69139 /* FrontVertexShader.glsl in Resources */,
				1B35689216E92DC100A877E6 /* MultipleViewController_iPhone.xib in Resources */,
				1B3227AD179B8C45003B0732 /* MultipleViewController_iPad.xib in Resources */,
			);
			runOnlyForDeploymentPostprocessing = 0;
		};
		1B8C27191415C6510081F180 /* Resources */ = {
			isa = PBXResourcesBuildPhase;
			buildActionMask = 2147483647;
			files = (
				1B8C27251415C6510081F180 /* InfoPlist.strings in Resources */,
			);
			runOnlyForDeploymentPostprocessing = 0;
		};
/* End PBXResourcesBuildPhase section */

/* Begin PBXSourcesBuildPhase section */
		1B88169D1401E4F000D579EF /* Sources */ = {
			isa = PBXSourcesBuildPhase;
			buildActionMask = 2147483647;
			files = (
				1B8BC4211429866F0048682B /* XBPageCurlAppDelegate_iPad.m in Sources */,
				1B8BC4231429866F0048682B /* XBPageCurlAppDelegate_iPhone.m in Sources */,
				1B8BC4241429866F0048682B /* main.m in Sources */,
				1B8BC4271429866F0048682B /* SimpleCurlViewController.m in Sources */,
				1B8BC42C1429866F0048682B /* XBPageCurlAppDelegate.m in Sources */,
				1B8BC4311429866F0048682B /* XBAnimation.m in Sources */,
				1B8BC4321429866F0048682B /* XBAnimationManager.m in Sources */,
				1B8BC4331429866F0048682B /* XBCurlView.m in Sources */,
				1B8BC4341429866F0048682B /* XBPageCurlView.m in Sources */,
				1BE4628614677E160013C1C6 /* RootViewController.m in Sources */,
				1B81C2FD14A8B4D600353F62 /* XBSnappingPoint.m in Sources */,
				1B8742B814CD038D00BCADCF /* CGPointAdditions.c in Sources */,
				1BE340FA14D4896900261AF5 /* SimpleCurlViewController_iPad.m in Sources */,
				1BE3410614D4A9ED00261AF5 /* PageCurlViewController.m in Sources */,
				1BD79F091580517A00B19785 /* XBPageDragView.m in Sources */,
				1BEBF5251580E930004C34DD /* PageCurlViewController_iPad.m in Sources */,
				1B35689016E92D7C00A877E6 /* MultipleViewController.m in Sources */,
			);
			runOnlyForDeploymentPostprocessing = 0;
		};
		1B8C27171415C6510081F180 /* Sources */ = {
			isa = PBXSourcesBuildPhase;
			buildActionMask = 2147483647;
			files = (
				1B8C27471415CB170081F180 /* XBAnimationTest.m in Sources */,
				1B8C27271415C6510081F180 /* main.m in Sources */,
			);
			runOnlyForDeploymentPostprocessing = 0;
		};
/* End PBXSourcesBuildPhase section */

/* Begin PBXVariantGroup section */
		1B8BC3F71429866F0048682B /* InfoPlist.strings */ = {
			isa = PBXVariantGroup;
			children = (
				1B8BC3F81429866F0048682B /* en */,
			);
			name = InfoPlist.strings;
			sourceTree = "<group>";
		};
		1B8BC3FA1429866F0048682B /* MainWindow_iPad.xib */ = {
			isa = PBXVariantGroup;
			children = (
				1B8BC3FB1429866F0048682B /* en */,
			);
			name = MainWindow_iPad.xib;
			sourceTree = "<group>";
		};
		1B8BC3FF1429866F0048682B /* MainWindow_iPhone.xib */ = {
			isa = PBXVariantGroup;
			children = (
				1B8BC4001429866F0048682B /* en */,
			);
			name = MainWindow_iPhone.xib;
			sourceTree = "<group>";
		};
		1B8C27231415C6510081F180 /* InfoPlist.strings */ = {
			isa = PBXVariantGroup;
			children = (
				1B8C27241415C6510081F180 /* en */,
			);
			name = InfoPlist.strings;
			sourceTree = "<group>";
		};
/* End PBXVariantGroup section */

/* Begin XCBuildConfiguration section */
		1B8816C51401E4F000D579EF /* Debug */ = {
			isa = XCBuildConfiguration;
			buildSettings = {
				ALWAYS_SEARCH_USER_PATHS = NO;
				CLANG_ENABLE_OBJC_ARC = YES;
				"CODE_SIGN_IDENTITY[sdk=iphoneos*]" = "iPhone Developer";
				COPY_PHASE_STRIP = NO;
				ENABLE_TESTABILITY = YES;
				GCC_C_LANGUAGE_STANDARD = gnu99;
				GCC_DYNAMIC_NO_PIC = NO;
				GCC_OPTIMIZATION_LEVEL = 0;
				GCC_PREPROCESSOR_DEFINITIONS = (
					"DEBUG=1",
					"$(inherited)",
				);
				GCC_SYMBOLS_PRIVATE_EXTERN = NO;
				GCC_VERSION = com.apple.compilers.llvmgcc42;
				GCC_WARN_ABOUT_MISSING_PROTOTYPES = YES;
				GCC_WARN_ABOUT_RETURN_TYPE = YES;
				GCC_WARN_UNUSED_VARIABLE = YES;
				IPHONEOS_DEPLOYMENT_TARGET = 5.0;
				ONLY_ACTIVE_ARCH = YES;
				SDKROOT = iphoneos;
				TARGETED_DEVICE_FAMILY = "1,2";
			};
			name = Debug;
		};
		1B8816C61401E4F000D579EF /* Release */ = {
			isa = XCBuildConfiguration;
			buildSettings = {
				ALWAYS_SEARCH_USER_PATHS = NO;
				CLANG_ENABLE_OBJC_ARC = YES;
				"CODE_SIGN_IDENTITY[sdk=iphoneos*]" = "iPhone Developer";
				COPY_PHASE_STRIP = YES;
				GCC_C_LANGUAGE_STANDARD = gnu99;
				GCC_VERSION = com.apple.compilers.llvmgcc42;
				GCC_WARN_ABOUT_MISSING_PROTOTYPES = YES;
				GCC_WARN_ABOUT_RETURN_TYPE = YES;
				GCC_WARN_UNUSED_VARIABLE = YES;
				IPHONEOS_DEPLOYMENT_TARGET = 5.0;
				OTHER_CFLAGS = "-DNS_BLOCK_ASSERTIONS=1";
				SDKROOT = iphoneos;
				TARGETED_DEVICE_FAMILY = "1,2";
				VALIDATE_PRODUCT = YES;
			};
			name = Release;
		};
		1B8816C81401E4F000D579EF /* Debug */ = {
			isa = XCBuildConfiguration;
			buildSettings = {
				ASSETCATALOG_COMPILER_APPICON_NAME = AppIcon;
				ASSETCATALOG_COMPILER_LAUNCHIMAGE_NAME = "Brand Assets";
				CODE_SIGN_IDENTITY = "iPhone Developer";
				GCC_PRECOMPILE_PREFIX_HEADER = YES;
				GCC_PREFIX_HEADER = "Sample/XBPageCurl-Prefix.pch";
				GCC_VERSION = com.apple.compilers.llvm.clang.1_0;
				INFOPLIST_FILE = "Sample/XBPageCurl-Info.plist";
				IPHONEOS_DEPLOYMENT_TARGET = 6.0;
				ONLY_ACTIVE_ARCH = NO;
				PRODUCT_BUNDLE_IDENTIFIER = com.xissburg.XBPageCurl;
				PRODUCT_NAME = "$(TARGET_NAME)";
				PROVISIONING_PROFILE = "";
				RUN_CLANG_STATIC_ANALYZER = YES;
				WRAPPER_EXTENSION = app;
			};
			name = Debug;
		};
		1B8816C91401E4F000D579EF /* Release */ = {
			isa = XCBuildConfiguration;
			buildSettings = {
				ASSETCATALOG_COMPILER_APPICON_NAME = AppIcon;
				ASSETCATALOG_COMPILER_LAUNCHIMAGE_NAME = "Brand Assets";
				CODE_SIGN_IDENTITY = "iPhone Developer";
				GCC_PRECOMPILE_PREFIX_HEADER = YES;
				GCC_PREFIX_HEADER = "Sample/XBPageCurl-Prefix.pch";
				GCC_VERSION = com.apple.compilers.llvm.clang.1_0;
				INFOPLIST_FILE = "Sample/XBPageCurl-Info.plist";
				IPHONEOS_DEPLOYMENT_TARGET = 6.0;
				ONLY_ACTIVE_ARCH = NO;
				PRODUCT_BUNDLE_IDENTIFIER = com.xissburg.XBPageCurl;
				PRODUCT_NAME = "$(TARGET_NAME)";
				PROVISIONING_PROFILE = "";
				RUN_CLANG_STATIC_ANALYZER = YES;
				WRAPPER_EXTENSION = app;
			};
			name = Release;
		};
		1B8C273B1415C6510081F180 /* Debug */ = {
			isa = XCBuildConfiguration;
			buildSettings = {
				"CODE_SIGN_IDENTITY[sdk=iphoneos*]" = "iPhone Developer";
				FRAMEWORK_SEARCH_PATHS = (
					"$(inherited)",
					"\"$(SRCROOT)/../gh-unit/Project-iOS/build/Framework\"",
				);
				GCC_PRECOMPILE_PREFIX_HEADER = YES;
				GCC_PREFIX_HEADER = "Tests/Tests-Prefix.pch";
				GCC_PREPROCESSOR_DEFINITIONS = (
					DEBUG,
					"DEBUG=1",
					"$(inherited)",
				);
				GCC_VERSION = com.apple.compilers.llvm.clang.1_0;
				INFOPLIST_FILE = "Tests/Tests-Info.plist";
				OTHER_LDFLAGS = (
					"-ObjC",
					"-all_load",
				);
				PRODUCT_BUNDLE_IDENTIFIER = "com.xissburg.${PRODUCT_NAME:rfc1034identifier}";
				PRODUCT_NAME = "$(TARGET_NAME)";
				WRAPPER_EXTENSION = app;
			};
			name = Debug;
		};
		1B8C273C1415C6510081F180 /* Release */ = {
			isa = XCBuildConfiguration;
			buildSettings = {
				"CODE_SIGN_IDENTITY[sdk=iphoneos*]" = "iPhone Developer";
				FRAMEWORK_SEARCH_PATHS = (
					"$(inherited)",
					"\"$(SRCROOT)/../gh-unit/Project-iOS/build/Framework\"",
				);
				GCC_PRECOMPILE_PREFIX_HEADER = YES;
				GCC_PREFIX_HEADER = "Tests/Tests-Prefix.pch";
				GCC_VERSION = com.apple.compilers.llvm.clang.1_0;
				INFOPLIST_FILE = "Tests/Tests-Info.plist";
				OTHER_LDFLAGS = (
					"-ObjC",
					"-all_load",
				);
				PRODUCT_BUNDLE_IDENTIFIER = "com.xissburg.${PRODUCT_NAME:rfc1034identifier}";
				PRODUCT_NAME = "$(TARGET_NAME)";
				WRAPPER_EXTENSION = app;
			};
			name = Release;
		};
/* End XCBuildConfiguration section */

/* Begin XCConfigurationList section */
		1B88169B1401E4F000D579EF /* Build configuration list for PBXProject "XBPageCurl" */ = {
			isa = XCConfigurationList;
			buildConfigurations = (
				1B8816C51401E4F000D579EF /* Debug */,
				1B8816C61401E4F000D579EF /* Release */,
			);
			defaultConfigurationIsVisible = 0;
			defaultConfigurationName = Release;
		};
		1B8816C71401E4F000D579EF /* Build configuration list for PBXNativeTarget "XBPageCurl" */ = {
			isa = XCConfigurationList;
			buildConfigurations = (
				1B8816C81401E4F000D579EF /* Debug */,
				1B8816C91401E4F000D579EF /* Release */,
			);
			defaultConfigurationIsVisible = 0;
			defaultConfigurationName = Release;
		};
		1B8C273A1415C6510081F180 /* Build configuration list for PBXNativeTarget "Tests" */ = {
			isa = XCConfigurationList;
			buildConfigurations = (
				1B8C273B1415C6510081F180 /* Debug */,
				1B8C273C1415C6510081F180 /* Release */,
			);
			defaultConfigurationIsVisible = 0;
			defaultConfigurationName = Release;
		};
/* End XCConfigurationList section */
	};
	rootObject = 1B8816981401E4F000D579EF /* Project object */;
}
